// !$*UTF8*$!
{
	archiveVersion = 1;
	classes = {
	};
	objectVersion = 46;
	objects = {

/* Begin PBXBuildFile section */
		7D122B0F1E1584E00086CE5B /* Crepe.cpp in Sources */ = {isa = PBXBuildFile; fileRef = 7D122B0D1E1584E00086CE5B /* Crepe.cpp */; };
		7D35525A1E153524008AB458 /* main.cpp in Sources */ = {isa = PBXBuildFile; fileRef = 7D3552591E153524008AB458 /* main.cpp */; };
		7DD8C80E1E1670C900754D53 /* CrepeRenderer.cpp in Sources */ = {isa = PBXBuildFile; fileRef = 7D122B101E15AA5A0086CE5B /* CrepeRenderer.cpp */; };
/* End PBXBuildFile section */

/* Begin PBXCopyFilesBuildPhase section */
		7D3552541E153523008AB458 /* CopyFiles */ = {
			isa = PBXCopyFilesBuildPhase;
			buildActionMask = 2147483647;
			dstPath = /usr/share/man/man1/;
			dstSubfolderSpec = 0;
			files = (
			);
			runOnlyForDeploymentPostprocessing = 1;
		};
/* End PBXCopyFilesBuildPhase section */

/* Begin PBXFileReference section */
		7D122B0D1E1584E00086CE5B /* Crepe.cpp */ = {isa = PBXFileReference; fileEncoding = 4; lastKnownFileType = sourcecode.cpp.cpp; path = Crepe.cpp; sourceTree = "<group>"; };
		7D122B0E1E1584E00086CE5B /* Crepe.hpp */ = {isa = PBXFileReference; fileEncoding = 4; lastKnownFileType = sourcecode.cpp.h; path = Crepe.hpp; sourceTree = "<group>"; };
		7D122B101E15AA5A0086CE5B /* CrepeRenderer.cpp */ = {isa = PBXFileReference; fileEncoding = 4; lastKnownFileType = sourcecode.cpp.cpp; path = CrepeRenderer.cpp; sourceTree = "<group>"; };
		7D122B111E15AA5A0086CE5B /* CrepeRenderer.hpp */ = {isa = PBXFileReference; fileEncoding = 4; lastKnownFileType = sourcecode.cpp.h; path = CrepeRenderer.hpp; sourceTree = "<group>"; };
		7D3552561E153524008AB458 /* Crepe */ = {isa = PBXFileReference; explicitFileType = "compiled.mach-o.executable"; includeInIndex = 0; path = Crepe; sourceTree = BUILT_PRODUCTS_DIR; };
		7D3552591E153524008AB458 /* main.cpp */ = {isa = PBXFileReference; lastKnownFileType = sourcecode.cpp.cpp; path = main.cpp; sourceTree = "<group>"; };
/* End PBXFileReference section */

/* Begin PBXFrameworksBuildPhase section */
		7D3552531E153523008AB458 /* Frameworks */ = {
			isa = PBXFrameworksBuildPhase;
			buildActionMask = 2147483647;
			files = (
			);
			runOnlyForDeploymentPostprocessing = 0;
		};
/* End PBXFrameworksBuildPhase section */

/* Begin PBXGroup section */
		7D35524D1E153523008AB458 = {
			isa = PBXGroup;
			children = (
				7D3552581E153524008AB458 /* Crepe */,
				7D3552571E153524008AB458 /* Products */,
			);
			sourceTree = "<group>";
		};
		7D3552571E153524008AB458 /* Products */ = {
			isa = PBXGroup;
			children = (
				7D3552561E153524008AB458 /* Crepe */,
			);
			name = Products;
			sourceTree = "<group>";
		};
		7D3552581E153524008AB458 /* Crepe */ = {
			isa = PBXGroup;
			children = (
				7D3552591E153524008AB458 /* main.cpp */,
				7D122B0D1E1584E00086CE5B /* Crepe.cpp */,
				7D122B0E1E1584E00086CE5B /* Crepe.hpp */,
				7D122B101E15AA5A0086CE5B /* CrepeRenderer.cpp */,
				7D122B111E15AA5A0086CE5B /* CrepeRenderer.hpp */,
			);
			path = Crepe;
			sourceTree = "<group>";
		};
/* End PBXGroup section */

/* Begin PBXNativeTarget section */
		7D3552551E153523008AB458 /* Crepe */ = {
			isa = PBXNativeTarget;
			buildConfigurationList = 7D35525D1E153524008AB458 /* Build configuration list for PBXNativeTarget "Crepe" */;
			buildPhases = (
				7D3552521E153523008AB458 /* Sources */,
				7D3552531E153523008AB458 /* Frameworks */,
				7D3552541E153523008AB458 /* CopyFiles */,
			);
			buildRules = (
			);
			dependencies = (
			);
			name = Crepe;
			productName = Crepe;
			productReference = 7D3552561E153524008AB458 /* Crepe */;
			productType = "com.apple.product-type.tool";
		};
/* End PBXNativeTarget section */

/* Begin PBXProject section */
		7D35524E1E153523008AB458 /* Project object */ = {
			isa = PBXProject;
			attributes = {
				LastUpgradeCheck = 0820;
				ORGANIZATIONNAME = "Samuel Prevost";
				TargetAttributes = {
					7D3552551E153523008AB458 = {
						CreatedOnToolsVersion = 8.2.1;
						DevelopmentTeam = D78Q98LMYJ;
						ProvisioningStyle = Automatic;
					};
				};
			};
			buildConfigurationList = 7D3552511E153523008AB458 /* Build configuration list for PBXProject "Crepe" */;
			compatibilityVersion = "Xcode 3.2";
			developmentRegion = English;
			hasScannedForEncodings = 0;
			knownRegions = (
				en,
			);
			mainGroup = 7D35524D1E153523008AB458;
			productRefGroup = 7D3552571E153524008AB458 /* Products */;
			projectDirPath = "";
			projectRoot = "";
			targets = (
				7D3552551E153523008AB458 /* Crepe */,
			);
		};
/* End PBXProject section */

/* Begin PBXSourcesBuildPhase section */
		7D3552521E153523008AB458 /* Sources */ = {
			isa = PBXSourcesBuildPhase;
			buildActionMask = 2147483647;
			files = (
				7D35525A1E153524008AB458 /* main.cpp in Sources */,
				7DD8C80E1E1670C900754D53 /* CrepeRenderer.cpp in Sources */,
				7D122B0F1E1584E00086CE5B /* Crepe.cpp in Sources */,
			);
			runOnlyForDeploymentPostprocessing = 0;
		};
/* End PBXSourcesBuildPhase section */

/* Begin XCBuildConfiguration section */
		7D35525B1E153524008AB458 /* Debug */ = {
			isa = XCBuildConfiguration;
			buildSettings = {
				ALWAYS_SEARCH_USER_PATHS = NO;
				CLANG_ANALYZER_NONNULL = YES;
				CLANG_CXX_LANGUAGE_STANDARD = "gnu++0x";
				CLANG_CXX_LIBRARY = "libc++";
				CLANG_ENABLE_MODULES = YES;
				CLANG_ENABLE_OBJC_ARC = YES;
				CLANG_WARN_BOOL_CONVERSION = YES;
				CLANG_WARN_CONSTANT_CONVERSION = YES;
				CLANG_WARN_DIRECT_OBJC_ISA_USAGE = YES_ERROR;
				CLANG_WARN_DOCUMENTATION_COMMENTS = YES;
				CLANG_WARN_EMPTY_BODY = YES;
				CLANG_WARN_ENUM_CONVERSION = YES;
				CLANG_WARN_INFINITE_RECURSION = YES;
				CLANG_WARN_INT_CONVERSION = YES;
				CLANG_WARN_OBJC_ROOT_CLASS = YES_ERROR;
				CLANG_WARN_SUSPICIOUS_MOVE = YES;
				CLANG_WARN_UNREACHABLE_CODE = YES;
				CLANG_WARN__DUPLICATE_METHOD_MATCH = YES;
				CODE_SIGN_IDENTITY = "-";
				COPY_PHASE_STRIP = NO;
				DEBUG_INFORMATION_FORMAT = dwarf;
				ENABLE_STRICT_OBJC_MSGSEND = YES;
				ENABLE_TESTABILITY = YES;
				GCC_C_LANGUAGE_STANDARD = gnu99;
				GCC_DYNAMIC_NO_PIC = NO;
				GCC_NO_COMMON_BLOCKS = YES;
				GCC_OPTIMIZATION_LEVEL = 0;
				GCC_PREPROCESSOR_DEFINITIONS = (
					"DEBUG=1",
					"$(inherited)",
				);
				GCC_WARN_64_TO_32_BIT_CONVERSION = YES;
				GCC_WARN_ABOUT_RETURN_TYPE = YES_ERROR;
				GCC_WARN_UNDECLARED_SELECTOR = YES;
				GCC_WARN_UNINITIALIZED_AUTOS = YES_AGGRESSIVE;
				GCC_WARN_UNUSED_FUNCTION = YES;
				GCC_WARN_UNUSED_VARIABLE = YES;
				MACOSX_DEPLOYMENT_TARGET = 10.12;
				MTL_ENABLE_DEBUG_INFO = YES;
				ONLY_ACTIVE_ARCH = YES;
				SDKROOT = macosx;
			};
			name = Debug;
		};
		7D35525C1E153524008AB458 /* Release */ = {
			isa = XCBuildConfiguration;
			buildSettings = {
				ALWAYS_SEARCH_USER_PATHS = NO;
				CLANG_ANALYZER_NONNULL = YES;
				CLANG_CXX_LANGUAGE_STANDARD = "gnu++0x";
				CLANG_CXX_LIBRARY = "libc++";
				CLANG_ENABLE_MODULES = YES;
				CLANG_ENABLE_OBJC_ARC = YES;
				CLANG_WARN_BOOL_CONVERSION = YES;
				CLANG_WARN_CONSTANT_CONVERSION = YES;
				CLANG_WARN_DIRECT_OBJC_ISA_USAGE = YES_ERROR;
				CLANG_WARN_DOCUMENTATION_COMMENTS = YES;
				CLANG_WARN_EMPTY_BODY = YES;
				CLANG_WARN_ENUM_CONVERSION = YES;
				CLANG_WARN_INFINITE_RECURSION = YES;
				CLANG_WARN_INT_CONVERSION = YES;
				CLANG_WARN_OBJC_ROOT_CLASS = YES_ERROR;
				CLANG_WARN_SUSPICIOUS_MOVE = YES;
				CLANG_WARN_UNREACHABLE_CODE = YES;
				CLANG_WARN__DUPLICATE_METHOD_MATCH = YES;
				CODE_SIGN_IDENTITY = "-";
				COPY_PHASE_STRIP = NO;
				DEBUG_INFORMATION_FORMAT = "dwarf-with-dsym";
				ENABLE_NS_ASSERTIONS = NO;
				ENABLE_STRICT_OBJC_MSGSEND = YES;
				GCC_C_LANGUAGE_STANDARD = gnu99;
				GCC_NO_COMMON_BLOCKS = YES;
				GCC_WARN_64_TO_32_BIT_CONVERSION = YES;
				GCC_WARN_ABOUT_RETURN_TYPE = YES_ERROR;
				GCC_WARN_UNDECLARED_SELECTOR = YES;
				GCC_WARN_UNINITIALIZED_AUTOS = YES_AGGRESSIVE;
				GCC_WARN_UNUSED_FUNCTION = YES;
				GCC_WARN_UNUSED_VARIABLE = YES;
				MACOSX_DEPLOYMENT_TARGET = 10.12;
				MTL_ENABLE_DEBUG_INFO = NO;
				SDKROOT = macosx;
			};
			name = Release;
		};
		7D35525E1E153524008AB458 /* Debug */ = {
			isa = XCBuildConfiguration;
			buildSettings = {
				DEVELOPMENT_TEAM = D78Q98LMYJ;
				FRAMEWORK_SEARCH_PATHS = " /Library/Frameworks/";
				HEADER_SEARCH_PATHS = /usr/local/include;
				LIBRARY_SEARCH_PATHS = /usr/local/lib;
				OTHER_LDFLAGS = (
					"-lsfml-graphics",
					"-lsfml-window",
					"-lsfml-system",
				);
				PRODUCT_NAME = "$(TARGET_NAME)";
			};
			name = Debug;
		};
		7D35525F1E153524008AB458 /* Release */ = {
			isa = XCBuildConfiguration;
			buildSettings = {
				DEVELOPMENT_TEAM = D78Q98LMYJ;
				FRAMEWORK_SEARCH_PATHS = " /Library/Frameworks/";
				HEADER_SEARCH_PATHS = /usr/local/include;
				LIBRARY_SEARCH_PATHS = /usr/local/lib;
				OTHER_LDFLAGS = (
					"-lsfml-graphics",
					"-lsfml-window",
					"-lsfml-system",
				);
				PRODUCT_NAME = "$(TARGET_NAME)";
			};
			name = Release;
		};
/* End XCBuildConfiguration section */

/* Begin XCConfigurationList section */
		7D3552511E153523008AB458 /* Build configuration list for PBXProject "Crepe" */ = {
			isa = XCConfigurationList;
			buildConfigurations = (
				7D35525B1E153524008AB458 /* Debug */,
				7D35525C1E153524008AB458 /* Release */,
			);
			defaultConfigurationIsVisible = 0;
			defaultConfigurationName = Release;
		};
		7D35525D1E153524008AB458 /* Build configuration list for PBXNativeTarget "Crepe" */ = {
			isa = XCConfigurationList;
			buildConfigurations = (
				7D35525E1E153524008AB458 /* Debug */,
				7D35525F1E153524008AB458 /* Release */,
			);
			defaultConfigurationIsVisible = 0;
			defaultConfigurationName = Release;
		};
/* End XCConfigurationList section */
	};
	rootObject = 7D35524E1E153523008AB458 /* Project object */;
}
